// !$*UTF8*$!
{
	archiveVersion = 1;
	classes = {
	};
	objectVersion = 56;
	objects = {

/* Begin PBXBuildFile section */
		2DBF7C5C2A988A7F00324641 /* ZYTitleTableViewCell.m in Sources */ = {isa = PBXBuildFile; fileRef = 2DBF7C5A2A988A7F00324641 /* ZYTitleTableViewCell.m */; };
		2DBF7C5D2A988A7F00324641 /* ZYTitleTableViewCell.xib in Resources */ = {isa = PBXBuildFile; fileRef = 2DBF7C5B2A988A7F00324641 /* ZYTitleTableViewCell.xib */; };
		2DBF7C5F2A988D2600324641 /* EHFormResources.bundle in CopyFiles */ = {isa = PBXBuildFile; fileRef = 2DBF7C5E2A988D2600324641 /* EHFormResources.bundle */; settings = {ATTRIBUTES = (RemoveHeadersOnCopy, ); }; };
		2DBF7C632A988E9B00324641 /* TestZYUserDefaultsViewController.m in Sources */ = {isa = PBXBuildFile; fileRef = 2DBF7C622A988E9B00324641 /* TestZYUserDefaultsViewController.m */; };
		2DBF7C7E2A98993200324641 /* ZYNormalStore.m in Sources */ = {isa = PBXBuildFile; fileRef = 2DBF7C7D2A98993200324641 /* ZYNormalStore.m */; };
		2DBF7C822A98999100324641 /* ZYKTBaseViewController.m in Sources */ = {isa = PBXBuildFile; fileRef = 2DBF7C812A98999100324641 /* ZYKTBaseViewController.m */; };
		2DBF7C892A98A1B600324641 /* ExampleUserDefaults.m in Sources */ = {isa = PBXBuildFile; fileRef = 2DBF7C882A98A1B600324641 /* ExampleUserDefaults.m */; };
		2DBFAB722A973F5400F371F7 /* install.sh in Resources */ = {isa = PBXBuildFile; fileRef = 2DBFAB712A973F5400F371F7 /* install.sh */; };
		2DBFAB7F2A97467B00F371F7 /* EHFormKit.xcframework in Frameworks */ = {isa = PBXBuildFile; fileRef = 2DBFAB772A97459E00F371F7 /* EHFormKit.xcframework */; };
		2DF9ACDC2A972FFA006F0F56 /* AppDelegate.m in Sources */ = {isa = PBXBuildFile; fileRef = 2DF9ACDB2A972FFA006F0F56 /* AppDelegate.m */; };
		2DF9ACE22A972FFB006F0F56 /* MainViewController.m in Sources */ = {isa = PBXBuildFile; fileRef = 2DF9ACE12A972FFB006F0F56 /* MainViewController.m */; };
		2DF9ACE52A972FFB006F0F56 /* Main.storyboard in Resources */ = {isa = PBXBuildFile; fileRef = 2DF9ACE32A972FFB006F0F56 /* Main.storyboard */; };
		2DF9ACE72A972FFD006F0F56 /* Assets.xcassets in Resources */ = {isa = PBXBuildFile; fileRef = 2DF9ACE62A972FFD006F0F56 /* Assets.xcassets */; };
		2DF9ACEA2A972FFD006F0F56 /* LaunchScreen.storyboard in Resources */ = {isa = PBXBuildFile; fileRef = 2DF9ACE82A972FFD006F0F56 /* LaunchScreen.storyboard */; };
		2DF9ACED2A972FFD006F0F56 /* main.m in Sources */ = {isa = PBXBuildFile; fileRef = 2DF9ACEC2A972FFD006F0F56 /* main.m */; };
		2DF9ACF92A97321F006F0F56 /* Cartfile in Resources */ = {isa = PBXBuildFile; fileRef = 2DF9ACF82A97321F006F0F56 /* Cartfile */; };
/* End PBXBuildFile section */

/* Begin PBXCopyFilesBuildPhase section */
		2DBFAB762A97455400F371F7 /* CopyFiles */ = {
			isa = PBXCopyFilesBuildPhase;
			buildActionMask = 2147483647;
			dstPath = "";
			dstSubfolderSpec = 7;
			files = (
				2DBF7C5F2A988D2600324641 /* EHFormResources.bundle in CopyFiles */,
			);
			runOnlyForDeploymentPostprocessing = 0;
		};
/* End PBXCopyFilesBuildPhase section */

/* Begin PBXFileReference section */
		2DBF7C592A988A7F00324641 /* ZYTitleTableViewCell.h */ = {isa = PBXFileReference; lastKnownFileType = sourcecode.c.h; path = ZYTitleTableViewCell.h; sourceTree = "<group>"; };
		2DBF7C5A2A988A7F00324641 /* ZYTitleTableViewCell.m */ = {isa = PBXFileReference; lastKnownFileType = sourcecode.c.objc; path = ZYTitleTableViewCell.m; sourceTree = "<group>"; };
		2DBF7C5B2A988A7F00324641 /* ZYTitleTableViewCell.xib */ = {isa = PBXFileReference; lastKnownFileType = file.xib; path = ZYTitleTableViewCell.xib; sourceTree = "<group>"; };
		2DBF7C5E2A988D2600324641 /* EHFormResources.bundle */ = {isa = PBXFileReference; lastKnownFileType = "wrapper.plug-in"; name = EHFormResources.bundle; path = "../Carthage/Build/EHFormKit.xcframework/ios-arm64_x86_64-simulator/EHFormKit.framework/EHFormResources.bundle"; sourceTree = "<group>"; };
		2DBF7C612A988E9B00324641 /* TestZYUserDefaultsViewController.h */ = {isa = PBXFileReference; lastKnownFileType = sourcecode.c.h; path = TestZYUserDefaultsViewController.h; sourceTree = "<group>"; };
		2DBF7C622A988E9B00324641 /* TestZYUserDefaultsViewController.m */ = {isa = PBXFileReference; lastKnownFileType = sourcecode.c.objc; path = TestZYUserDefaultsViewController.m; sourceTree = "<group>"; };
		2DBF7C7C2A98993200324641 /* ZYNormalStore.h */ = {isa = PBXFileReference; fileEncoding = 4; lastKnownFileType = sourcecode.c.h; path = ZYNormalStore.h; sourceTree = "<group>"; };
		2DBF7C7D2A98993200324641 /* ZYNormalStore.m */ = {isa = PBXFileReference; fileEncoding = 4; lastKnownFileType = sourcecode.c.objc; path = ZYNormalStore.m; sourceTree = "<group>"; };
		2DBF7C802A98999100324641 /* ZYKTBaseViewController.h */ = {isa = PBXFileReference; lastKnownFileType = sourcecode.c.h; path = ZYKTBaseViewController.h; sourceTree = "<group>"; };
		2DBF7C812A98999100324641 /* ZYKTBaseViewController.m */ = {isa = PBXFileReference; lastKnownFileType = sourcecode.c.objc; path = ZYKTBaseViewController.m; sourceTree = "<group>"; };
		2DBF7C832A9899F700324641 /* PrefixHeader.pch */ = {isa = PBXFileReference; lastKnownFileType = sourcecode.c.h; path = PrefixHeader.pch; sourceTree = "<group>"; };
		2DBF7C872A98A1B600324641 /* ExampleUserDefaults.h */ = {isa = PBXFileReference; fileEncoding = 4; lastKnownFileType = sourcecode.c.h; path = ExampleUserDefaults.h; sourceTree = "<group>"; };
		2DBF7C882A98A1B600324641 /* ExampleUserDefaults.m */ = {isa = PBXFileReference; fileEncoding = 4; lastKnownFileType = sourcecode.c.objc; path = ExampleUserDefaults.m; sourceTree = "<group>"; };
		2DBFAB712A973F5400F371F7 /* install.sh */ = {isa = PBXFileReference; fileEncoding = 4; lastKnownFileType = text.script.sh; name = install.sh; path = ../../install.sh; sourceTree = "<group>"; };
		2DBFAB772A97459E00F371F7 /* EHFormKit.xcframework */ = {isa = PBXFileReference; lastKnownFileType = wrapper.xcframework; name = EHFormKit.xcframework; path = ../Carthage/Build/EHFormKit.xcframework; sourceTree = "<group>"; };
		2DF9ACD72A972FFA006F0F56 /* ZYKTDemo.app */ = {isa = PBXFileReference; explicitFileType = wrapper.application; includeInIndex = 0; path = ZYKTDemo.app; sourceTree = BUILT_PRODUCTS_DIR; };
		2DF9ACDA2A972FFA006F0F56 /* AppDelegate.h */ = {isa = PBXFileReference; lastKnownFileType = sourcecode.c.h; path = AppDelegate.h; sourceTree = "<group>"; };
		2DF9ACDB2A972FFA006F0F56 /* AppDelegate.m */ = {isa = PBXFileReference; lastKnownFileType = sourcecode.c.objc; path = AppDelegate.m; sourceTree = "<group>"; };
		2DF9ACE02A972FFA006F0F56 /* MainViewController.h */ = {isa = PBXFileReference; lastKnownFileType = sourcecode.c.h; path = MainViewController.h; sourceTree = "<group>"; };
		2DF9ACE12A972FFB006F0F56 /* MainViewController.m */ = {isa = PBXFileReference; lastKnownFileType = sourcecode.c.objc; path = MainViewController.m; sourceTree = "<group>"; };
		2DF9ACE42A972FFB006F0F56 /* Base */ = {isa = PBXFileReference; lastKnownFileType = file.storyboard; name = Base; path = Base.lproj/Main.storyboard; sourceTree = "<group>"; };
		2DF9ACE62A972FFD006F0F56 /* Assets.xcassets */ = {isa = PBXFileReference; lastKnownFileType = folder.assetcatalog; path = Assets.xcassets; sourceTree = "<group>"; };
		2DF9ACE92A972FFD006F0F56 /* Base */ = {isa = PBXFileReference; lastKnownFileType = file.storyboard; name = Base; path = Base.lproj/LaunchScreen.storyboard; sourceTree = "<group>"; };
		2DF9ACEB2A972FFD006F0F56 /* Info.plist */ = {isa = PBXFileReference; lastKnownFileType = text.plist.xml; path = Info.plist; sourceTree = "<group>"; };
		2DF9ACEC2A972FFD006F0F56 /* main.m */ = {isa = PBXFileReference; lastKnownFileType = sourcecode.c.objc; path = main.m; sourceTree = "<group>"; };
		2DF9ACF82A97321F006F0F56 /* Cartfile */ = {isa = PBXFileReference; fileEncoding = 4; lastKnownFileType = text; name = Cartfile; path = ../../Cartfile; sourceTree = "<group>"; };
/* End PBXFileReference section */

/* Begin PBXFrameworksBuildPhase section */
		2DF9ACD42A972FFA006F0F56 /* Frameworks */ = {
			isa = PBXFrameworksBuildPhase;
			buildActionMask = 2147483647;
			files = (
				2DBFAB7F2A97467B00F371F7 /* EHFormKit.xcframework in Frameworks */,
			);
			runOnlyForDeploymentPostprocessing = 0;
		};
/* End PBXFrameworksBuildPhase section */

/* Begin PBXGroup section */
		2DBF7C542A98836B00324641 /* Classes */ = {
			isa = PBXGroup;
			children = (
				2DBF7C722A98951900324641 /* Pages */,
				2DBF7C712A9894FE00324641 /* Store */,
			);
			path = Classes;
			sourceTree = "<group>";
		};
		2DBF7C552A98837100324641 /* ZYUserDefaults */ = {
			isa = PBXGroup;
			children = (
				2DBF7C872A98A1B600324641 /* ExampleUserDefaults.h */,
				2DBF7C882A98A1B600324641 /* ExampleUserDefaults.m */,
				2DBF7C612A988E9B00324641 /* TestZYUserDefaultsViewController.h */,
				2DBF7C622A988E9B00324641 /* TestZYUserDefaultsViewController.m */,
			);
			path = ZYUserDefaults;
			sourceTree = "<group>";
		};
		2DBF7C582A988A3100324641 /* Cells */ = {
			isa = PBXGroup;
			children = (
				2DBF7C592A988A7F00324641 /* ZYTitleTableViewCell.h */,
				2DBF7C5A2A988A7F00324641 /* ZYTitleTableViewCell.m */,
				2DBF7C5B2A988A7F00324641 /* ZYTitleTableViewCell.xib */,
			);
			path = Cells;
			sourceTree = "<group>";
		};
		2DBF7C602A988DFF00324641 /* Controllers */ = {
			isa = PBXGroup;
			children = (
				2DBF7C7F2A98995600324641 /* ZYKT */,
				2DBF7C552A98837100324641 /* ZYUserDefaults */,
			);
			path = Controllers;
			sourceTree = "<group>";
		};
		2DBF7C712A9894FE00324641 /* Store */ = {
			isa = PBXGroup;
			children = (
				2DBF7C7C2A98993200324641 /* ZYNormalStore.h */,
				2DBF7C7D2A98993200324641 /* ZYNormalStore.m */,
			);
			path = Store;
			sourceTree = "<group>";
		};
		2DBF7C722A98951900324641 /* Pages */ = {
			isa = PBXGroup;
			children = (
				2DBF7C602A988DFF00324641 /* Controllers */,
				2DBF7C582A988A3100324641 /* Cells */,
			);
			path = Pages;
			sourceTree = "<group>";
		};
		2DBF7C7F2A98995600324641 /* ZYKT */ = {
			isa = PBXGroup;
			children = (
				2DF9ACE02A972FFA006F0F56 /* MainViewController.h */,
				2DF9ACE12A972FFB006F0F56 /* MainViewController.m */,
				2DBF7C802A98999100324641 /* ZYKTBaseViewController.h */,
				2DBF7C812A98999100324641 /* ZYKTBaseViewController.m */,
			);
			path = ZYKT;
			sourceTree = "<group>";
		};
		2DF9ACCE2A972FFA006F0F56 = {
			isa = PBXGroup;
			children = (
				2DBF7C5E2A988D2600324641 /* EHFormResources.bundle */,
				2DF9ACD92A972FFA006F0F56 /* ZYKTDemo */,
				2DF9ACD82A972FFA006F0F56 /* Products */,
				2DF9ACF32A973035006F0F56 /* Frameworks */,
			);
			sourceTree = "<group>";
		};
		2DF9ACD82A972FFA006F0F56 /* Products */ = {
			isa = PBXGroup;
			children = (
				2DF9ACD72A972FFA006F0F56 /* ZYKTDemo.app */,
			);
			name = Products;
			sourceTree = "<group>";
		};
		2DF9ACD92A972FFA006F0F56 /* ZYKTDemo */ = {
			isa = PBXGroup;
			children = (
				2DBF7C542A98836B00324641 /* Classes */,
				2DBFAB712A973F5400F371F7 /* install.sh */,
				2DF9ACF82A97321F006F0F56 /* Cartfile */,
				2DF9ACDA2A972FFA006F0F56 /* AppDelegate.h */,
				2DF9ACDB2A972FFA006F0F56 /* AppDelegate.m */,
				2DF9ACE32A972FFB006F0F56 /* Main.storyboard */,
				2DF9ACE62A972FFD006F0F56 /* Assets.xcassets */,
				2DF9ACE82A972FFD006F0F56 /* LaunchScreen.storyboard */,
				2DF9ACEB2A972FFD006F0F56 /* Info.plist */,
				2DF9ACEC2A972FFD006F0F56 /* main.m */,
				2DBF7C832A9899F700324641 /* PrefixHeader.pch */,
			);
			path = ZYKTDemo;
			sourceTree = "<group>";
		};
		2DF9ACF32A973035006F0F56 /* Frameworks */ = {
			isa = PBXGroup;
			children = (
				2DBFAB772A97459E00F371F7 /* EHFormKit.xcframework */,
			);
			name = Frameworks;
			sourceTree = "<group>";
		};
/* End PBXGroup section */

/* Begin PBXNativeTarget section */
		2DF9ACD62A972FFA006F0F56 /* ZYKTDemo */ = {
			isa = PBXNativeTarget;
			buildConfigurationList = 2DF9ACF02A972FFD006F0F56 /* Build configuration list for PBXNativeTarget "ZYKTDemo" */;
			buildPhases = (
				2DF9ACD32A972FFA006F0F56 /* Sources */,
				2DF9ACD42A972FFA006F0F56 /* Frameworks */,
				2DF9ACD52A972FFA006F0F56 /* Resources */,
				2DBFAB762A97455400F371F7 /* CopyFiles */,
			);
			buildRules = (
			);
			dependencies = (
			);
			name = ZYKTDemo;
			productName = ZYKTDemo;
			productReference = 2DF9ACD72A972FFA006F0F56 /* ZYKTDemo.app */;
			productType = "com.apple.product-type.application";
		};
/* End PBXNativeTarget section */

/* Begin PBXProject section */
		2DF9ACCF2A972FFA006F0F56 /* Project object */ = {
			isa = PBXProject;
			attributes = {
				BuildIndependentTargetsInParallel = 1;
				LastUpgradeCheck = 1420;
				TargetAttributes = {
					2DF9ACD62A972FFA006F0F56 = {
						CreatedOnToolsVersion = 14.2;
					};
				};
			};
			buildConfigurationList = 2DF9ACD22A972FFA006F0F56 /* Build configuration list for PBXProject "ZYKTDemo" */;
			compatibilityVersion = "Xcode 14.0";
			developmentRegion = en;
			hasScannedForEncodings = 0;
			knownRegions = (
				en,
				Base,
			);
			mainGroup = 2DF9ACCE2A972FFA006F0F56;
			productRefGroup = 2DF9ACD82A972FFA006F0F56 /* Products */;
			projectDirPath = "";
			projectRoot = "";
			targets = (
				2DF9ACD62A972FFA006F0F56 /* ZYKTDemo */,
			);
		};
/* End PBXProject section */

/* Begin PBXResourcesBuildPhase section */
		2DF9ACD52A972FFA006F0F56 /* Resources */ = {
			isa = PBXResourcesBuildPhase;
			buildActionMask = 2147483647;
			files = (
				2DF9ACEA2A972FFD006F0F56 /* LaunchScreen.storyboard in Resources */,
				2DBF7C5D2A988A7F00324641 /* ZYTitleTableViewCell.xib in Resources */,
				2DF9ACE72A972FFD006F0F56 /* Assets.xcassets in Resources */,
				2DF9ACF92A97321F006F0F56 /* Cartfile in Resources */,
				2DF9ACE52A972FFB006F0F56 /* Main.storyboard in Resources */,
				2DBFAB722A973F5400F371F7 /* install.sh in Resources */,
			);
			runOnlyForDeploymentPostprocessing = 0;
		};
/* End PBXResourcesBuildPhase section */

/* Begin PBXSourcesBuildPhase section */
		2DF9ACD32A972FFA006F0F56 /* Sources */ = {
			isa = PBXSourcesBuildPhase;
			buildActionMask = 2147483647;
			files = (
				2DBF7C632A988E9B00324641 /* TestZYUserDefaultsViewController.m in Sources */,
				2DF9ACE22A972FFB006F0F56 /* MainViewController.m in Sources */,
				2DBF7C5C2A988A7F00324641 /* ZYTitleTableViewCell.m in Sources */,
				2DBF7C892A98A1B600324641 /* ExampleUserDefaults.m in Sources */,
				2DBF7C822A98999100324641 /* ZYKTBaseViewController.m in Sources */,
				2DBF7C7E2A98993200324641 /* ZYNormalStore.m in Sources */,
				2DF9ACDC2A972FFA006F0F56 /* AppDelegate.m in Sources */,
				2DF9ACED2A972FFD006F0F56 /* main.m in Sources */,
			);
			runOnlyForDeploymentPostprocessing = 0;
		};
/* End PBXSourcesBuildPhase section */

/* Begin PBXVariantGroup section */
		2DF9ACE32A972FFB006F0F56 /* Main.storyboard */ = {
			isa = PBXVariantGroup;
			children = (
				2DF9ACE42A972FFB006F0F56 /* Base */,
			);
			name = Main.storyboard;
			sourceTree = "<group>";
		};
		2DF9ACE82A972FFD006F0F56 /* LaunchScreen.storyboard */ = {
			isa = PBXVariantGroup;
			children = (
				2DF9ACE92A972FFD006F0F56 /* Base */,
			);
			name = LaunchScreen.storyboard;
			sourceTree = "<group>";
		};
/* End PBXVariantGroup section */

/* Begin XCBuildConfiguration section */
		2DF9ACEE2A972FFD006F0F56 /* Debug */ = {
			isa = XCBuildConfiguration;
			buildSettings = {
				ALWAYS_SEARCH_USER_PATHS = NO;
				CLANG_ANALYZER_NONNULL = YES;
				CLANG_ANALYZER_NUMBER_OBJECT_CONVERSION = YES_AGGRESSIVE;
				CLANG_CXX_LANGUAGE_STANDARD = "gnu++20";
				CLANG_ENABLE_MODULES = YES;
				CLANG_ENABLE_OBJC_ARC = YES;
				CLANG_ENABLE_OBJC_WEAK = YES;
				CLANG_WARN_BLOCK_CAPTURE_AUTORELEASING = YES;
				CLANG_WARN_BOOL_CONVERSION = YES;
				CLANG_WARN_COMMA = YES;
				CLANG_WARN_CONSTANT_CONVERSION = YES;
				CLANG_WARN_DEPRECATED_OBJC_IMPLEMENTATIONS = YES;
				CLANG_WARN_DIRECT_OBJC_ISA_USAGE = YES_ERROR;
				CLANG_WARN_DOCUMENTATION_COMMENTS = YES;
				CLANG_WARN_EMPTY_BODY = YES;
				CLANG_WARN_ENUM_CONVERSION = YES;
				CLANG_WARN_INFINITE_RECURSION = YES;
				CLANG_WARN_INT_CONVERSION = YES;
				CLANG_WARN_NON_LITERAL_NULL_CONVERSION = YES;
				CLANG_WARN_OBJC_IMPLICIT_RETAIN_SELF = YES;
				CLANG_WARN_OBJC_LITERAL_CONVERSION = YES;
				CLANG_WARN_OBJC_ROOT_CLASS = YES_ERROR;
				CLANG_WARN_QUOTED_INCLUDE_IN_FRAMEWORK_HEADER = YES;
				CLANG_WARN_RANGE_LOOP_ANALYSIS = YES;
				CLANG_WARN_STRICT_PROTOTYPES = YES;
				CLANG_WARN_SUSPICIOUS_MOVE = YES;
				CLANG_WARN_UNGUARDED_AVAILABILITY = YES_AGGRESSIVE;
				CLANG_WARN_UNREACHABLE_CODE = YES;
				CLANG_WARN__DUPLICATE_METHOD_MATCH = YES;
				COPY_PHASE_STRIP = NO;
				DEBUG_INFORMATION_FORMAT = dwarf;
				ENABLE_STRICT_OBJC_MSGSEND = YES;
				ENABLE_TESTABILITY = YES;
				GCC_C_LANGUAGE_STANDARD = gnu11;
				GCC_DYNAMIC_NO_PIC = NO;
				GCC_NO_COMMON_BLOCKS = YES;
				GCC_OPTIMIZATION_LEVEL = 0;
				GCC_PREPROCESSOR_DEFINITIONS = (
					"DEBUG=1",
					"$(inherited)",
				);
				GCC_WARN_64_TO_32_BIT_CONVERSION = YES;
				GCC_WARN_ABOUT_RETURN_TYPE = YES_ERROR;
				GCC_WARN_UNDECLARED_SELECTOR = YES;
				GCC_WARN_UNINITIALIZED_AUTOS = YES_AGGRESSIVE;
				GCC_WARN_UNUSED_FUNCTION = YES;
				GCC_WARN_UNUSED_VARIABLE = YES;
				IPHONEOS_DEPLOYMENT_TARGET = 16.2;
				MTL_ENABLE_DEBUG_INFO = INCLUDE_SOURCE;
				MTL_FAST_MATH = YES;
				ONLY_ACTIVE_ARCH = YES;
				SDKROOT = iphoneos;
			};
			name = Debug;
		};
		2DF9ACEF2A972FFD006F0F56 /* Release */ = {
			isa = XCBuildConfiguration;
			buildSettings = {
				ALWAYS_SEARCH_USER_PATHS = NO;
				CLANG_ANALYZER_NONNULL = YES;
				CLANG_ANALYZER_NUMBER_OBJECT_CONVERSION = YES_AGGRESSIVE;
				CLANG_CXX_LANGUAGE_STANDARD = "gnu++20";
				CLANG_ENABLE_MODULES = YES;
				CLANG_ENABLE_OBJC_ARC = YES;
				CLANG_ENABLE_OBJC_WEAK = YES;
				CLANG_WARN_BLOCK_CAPTURE_AUTORELEASING = YES;
				CLANG_WARN_BOOL_CONVERSION = YES;
				CLANG_WARN_COMMA = YES;
				CLANG_WARN_CONSTANT_CONVERSION = YES;
				CLANG_WARN_DEPRECATED_OBJC_IMPLEMENTATIONS = YES;
				CLANG_WARN_DIRECT_OBJC_ISA_USAGE = YES_ERROR;
				CLANG_WARN_DOCUMENTATION_COMMENTS = YES;
				CLANG_WARN_EMPTY_BODY = YES;
				CLANG_WARN_ENUM_CONVERSION = YES;
				CLANG_WARN_INFINITE_RECURSION = YES;
				CLANG_WARN_INT_CONVERSION = YES;
				CLANG_WARN_NON_LITERAL_NULL_CONVERSION = YES;
				CLANG_WARN_OBJC_IMPLICIT_RETAIN_SELF = YES;
				CLANG_WARN_OBJC_LITERAL_CONVERSION = YES;
				CLANG_WARN_OBJC_ROOT_CLASS = YES_ERROR;
				CLANG_WARN_QUOTED_INCLUDE_IN_FRAMEWORK_HEADER = YES;
				CLANG_WARN_RANGE_LOOP_ANALYSIS = YES;
				CLANG_WARN_STRICT_PROTOTYPES = YES;
				CLANG_WARN_SUSPICIOUS_MOVE = YES;
				CLANG_WARN_UNGUARDED_AVAILABILITY = YES_AGGRESSIVE;
				CLANG_WARN_UNREACHABLE_CODE = YES;
				CLANG_WARN__DUPLICATE_METHOD_MATCH = YES;
				COPY_PHASE_STRIP = NO;
				DEBUG_INFORMATION_FORMAT = "dwarf-with-dsym";
				ENABLE_NS_ASSERTIONS = NO;
				ENABLE_STRICT_OBJC_MSGSEND = YES;
				GCC_C_LANGUAGE_STANDARD = gnu11;
				GCC_NO_COMMON_BLOCKS = YES;
				GCC_WARN_64_TO_32_BIT_CONVERSION = YES;
				GCC_WARN_ABOUT_RETURN_TYPE = YES_ERROR;
				GCC_WARN_UNDECLARED_SELECTOR = YES;
				GCC_WARN_UNINITIALIZED_AUTOS = YES_AGGRESSIVE;
				GCC_WARN_UNUSED_FUNCTION = YES;
				GCC_WARN_UNUSED_VARIABLE = YES;
				IPHONEOS_DEPLOYMENT_TARGET = 16.2;
				MTL_ENABLE_DEBUG_INFO = NO;
				MTL_FAST_MATH = YES;
				SDKROOT = iphoneos;
				VALIDATE_PRODUCT = YES;
			};
			name = Release;
		};
		2DF9ACF12A972FFD006F0F56 /* Debug */ = {
			isa = XCBuildConfiguration;
			buildSettings = {
				ASSETCATALOG_COMPILER_APPICON_NAME = AppIcon;
				ASSETCATALOG_COMPILER_GLOBAL_ACCENT_COLOR_NAME = AccentColor;
				CODE_SIGN_STYLE = Automatic;
				CURRENT_PROJECT_VERSION = 1;
				GCC_PREFIX_HEADER = ZYKTDemo/PrefixHeader.pch;
				GENERATE_INFOPLIST_FILE = YES;
				INFOPLIST_FILE = ZYKTDemo/Info.plist;
				INFOPLIST_KEY_UIApplicationSupportsIndirectInputEvents = YES;
				INFOPLIST_KEY_UILaunchStoryboardName = LaunchScreen;
				INFOPLIST_KEY_UIMainStoryboardFile = Main;
				INFOPLIST_KEY_UISupportedInterfaceOrientations_iPad = "UIInterfaceOrientationPortrait UIInterfaceOrientationPortraitUpsideDown UIInterfaceOrientationLandscapeLeft UIInterfaceOrientationLandscapeRight";
				INFOPLIST_KEY_UISupportedInterfaceOrientations_iPhone = "UIInterfaceOrientationPortrait UIInterfaceOrientationLandscapeLeft UIInterfaceOrientationLandscapeRight";
				LD_RUNPATH_SEARCH_PATHS = (
					"$(inherited)",
					"@executable_path/Frameworks",
				);
				MARKETING_VERSION = 1.0;
				PRODUCT_BUNDLE_IDENTIFIER = com.objcat.ZYKTDemo;
				PRODUCT_NAME = "$(TARGET_NAME)";
				SWIFT_EMIT_LOC_STRINGS = YES;
				TARGETED_DEVICE_FAMILY = "1,2";
			};
			name = Debug;
		};
		2DF9ACF22A972FFD006F0F56 /* Release */ = {
			isa = XCBuildConfiguration;
			buildSettings = {
				ASSETCATALOG_COMPILER_APPICON_NAME = AppIcon;
				ASSETCATALOG_COMPILER_GLOBAL_ACCENT_COLOR_NAME = AccentColor;
				CODE_SIGN_STYLE = Automatic;
				CURRENT_PROJECT_VERSION = 1;
				GCC_PREFIX_HEADER = ZYKTDemo/PrefixHeader.pch;
				GENERATE_INFOPLIST_FILE = YES;
				INFOPLIST_FILE = ZYKTDemo/Info.plist;
				INFOPLIST_KEY_UIApplicationSupportsIndirectInputEvents = YES;
				INFOPLIST_KEY_UILaunchStoryboardName = LaunchScreen;
				INFOPLIST_KEY_UIMainStoryboardFile = Main;
				INFOPLIST_KEY_UISupportedInterfaceOrientations_iPad = "UIInterfaceOrientationPortrait UIInterfaceOrientationPortraitUpsideDown UIInterfaceOrientationLandscapeLeft UIInterfaceOrientationLandscapeRight";
				INFOPLIST_KEY_UISupportedInterfaceOrientations_iPhone = "UIInterfaceOrientationPortrait UIInterfaceOrientationLandscapeLeft UIInterfaceOrientationLandscapeRight";
				LD_RUNPATH_SEARCH_PATHS = (
					"$(inherited)",
					"@executable_path/Frameworks",
				);
				MARKETING_VERSION = 1.0;
				PRODUCT_BUNDLE_IDENTIFIER = com.objcat.ZYKTDemo;
				PRODUCT_NAME = "$(TARGET_NAME)";
				SWIFT_EMIT_LOC_STRINGS = YES;
				TARGETED_DEVICE_FAMILY = "1,2";
			};
			name = Release;
		};
/* End XCBuildConfiguration section */

/* Begin XCConfigurationList section */
		2DF9ACD22A972FFA006F0F56 /* Build configuration list for PBXProject "ZYKTDemo" */ = {
			isa = XCConfigurationList;
			buildConfigurations = (
				2DF9ACEE2A972FFD006F0F56 /* Debug */,
				2DF9ACEF2A972FFD006F0F56 /* Release */,
			);
			defaultConfigurationIsVisible = 0;
			defaultConfigurationName = Release;
		};
		2DF9ACF02A972FFD006F0F56 /* Build configuration list for PBXNativeTarget "ZYKTDemo" */ = {
			isa = XCConfigurationList;
			buildConfigurations = (
				2DF9ACF12A972FFD006F0F56 /* Debug */,
				2DF9ACF22A972FFD006F0F56 /* Release */,
			);
			defaultConfigurationIsVisible = 0;
			defaultConfigurationName = Release;
		};
/* End XCConfigurationList section */
	};
	rootObject = 2DF9ACCF2A972FFA006F0F56 /* Project object */;
}
